// !$*UTF8*$!
{
	archiveVersion = 1;
	classes = {
	};
	objectVersion = 55;
	objects = {

/* Begin PBXBuildFile section */
		FE21F50C298DD81800605465 /* Localizable.strings in Resources */ = {isa = PBXBuildFile; fileRef = FE21F50A298DD81800605465 /* Localizable.strings */; };
		FE21F512299754D100605465 /* FixArtError.swift in Sources */ = {isa = PBXBuildFile; fileRef = FE21F511299754D100605465 /* FixArtError.swift */; };
		FE21F51429998CC800605465 /* NSPasteboard+Convenience.swift in Sources */ = {isa = PBXBuildFile; fileRef = FE21F51329998CC800605465 /* NSPasteboard+Convenience.swift */; };
		FE57696F294509200041E18D /* MissingArtwork+AppleScript.swift in Sources */ = {isa = PBXBuildFile; fileRef = FE57696E294509200041E18D /* MissingArtwork+AppleScript.swift */; };
		FE57697629494EA40041E18D /* AppleScript.swift in Sources */ = {isa = PBXBuildFile; fileRef = FE57697529494EA40041E18D /* AppleScript.swift */; };
		FE6D2C4F27FF54670056FA7E /* MissingArtApp.swift in Sources */ = {isa = PBXBuildFile; fileRef = FE6D2C4E27FF54670056FA7E /* MissingArtApp.swift */; };
		FE6D2C5327FF54680056FA7E /* Assets.xcassets in Resources */ = {isa = PBXBuildFile; fileRef = FE6D2C5227FF54680056FA7E /* Assets.xcassets */; };
		FE6D2C5627FF54680056FA7E /* Preview Assets.xcassets in Resources */ = {isa = PBXBuildFile; fileRef = FE6D2C5527FF54680056FA7E /* Preview Assets.xcassets */; };
		FE8BA47E297DA92F00FD0823 /* LoadingState+AppleScript.swift in Sources */ = {isa = PBXBuildFile; fileRef = FE8BA47D297DA92F00FD0823 /* LoadingState+AppleScript.swift */; };
		FE95DA48281216E1009B0209 /* MissingArtwork in Frameworks */ = {isa = PBXBuildFile; productRef = FE95DA47281216E1009B0209 /* MissingArtwork */; };
/* End PBXBuildFile section */

/* Begin PBXFileReference section */
		FE21F50B298DD81800605465 /* en */ = {isa = PBXFileReference; lastKnownFileType = text.plist.strings; name = en; path = Resources/en.lproj/Localizable.strings; sourceTree = "<group>"; };
		FE21F511299754D100605465 /* FixArtError.swift */ = {isa = PBXFileReference; fileEncoding = 4; lastKnownFileType = sourcecode.swift; path = FixArtError.swift; sourceTree = "<group>"; };
		FE21F51329998CC800605465 /* NSPasteboard+Convenience.swift */ = {isa = PBXFileReference; lastKnownFileType = sourcecode.swift; path = "NSPasteboard+Convenience.swift"; sourceTree = "<group>"; };
		FE57696E294509200041E18D /* MissingArtwork+AppleScript.swift */ = {isa = PBXFileReference; lastKnownFileType = sourcecode.swift; path = "MissingArtwork+AppleScript.swift"; sourceTree = "<group>"; };
		FE57697529494EA40041E18D /* AppleScript.swift */ = {isa = PBXFileReference; lastKnownFileType = sourcecode.swift; path = AppleScript.swift; sourceTree = "<group>"; };
		FE6D2C4B27FF54670056FA7E /* MissingArt.app */ = {isa = PBXFileReference; explicitFileType = wrapper.application; includeInIndex = 0; path = MissingArt.app; sourceTree = BUILT_PRODUCTS_DIR; };
		FE6D2C4E27FF54670056FA7E /* MissingArtApp.swift */ = {isa = PBXFileReference; lastKnownFileType = sourcecode.swift; path = MissingArtApp.swift; sourceTree = "<group>"; };
		FE6D2C5227FF54680056FA7E /* Assets.xcassets */ = {isa = PBXFileReference; lastKnownFileType = folder.assetcatalog; path = Assets.xcassets; sourceTree = "<group>"; };
		FE6D2C5527FF54680056FA7E /* Preview Assets.xcassets */ = {isa = PBXFileReference; lastKnownFileType = folder.assetcatalog; path = "Preview Assets.xcassets"; sourceTree = "<group>"; };
		FE6D2C5727FF54680056FA7E /* MissingArt.entitlements */ = {isa = PBXFileReference; lastKnownFileType = text.plist.entitlements; path = MissingArt.entitlements; sourceTree = "<group>"; };
		FE8BA47D297DA92F00FD0823 /* LoadingState+AppleScript.swift */ = {isa = PBXFileReference; lastKnownFileType = sourcecode.swift; path = "LoadingState+AppleScript.swift"; sourceTree = "<group>"; };
/* End PBXFileReference section */

/* Begin PBXFrameworksBuildPhase section */
		FE6D2C4827FF54670056FA7E /* Frameworks */ = {
			isa = PBXFrameworksBuildPhase;
			buildActionMask = 2147483647;
			files = (
				FE95DA48281216E1009B0209 /* MissingArtwork in Frameworks */,
			);
			runOnlyForDeploymentPostprocessing = 0;
		};
/* End PBXFrameworksBuildPhase section */

/* Begin PBXGroup section */
		FE6D2C4227FF54670056FA7E = {
			isa = PBXGroup;
			children = (
				FE6D2C4D27FF54670056FA7E /* MissingArt */,
				FE6D2C4C27FF54670056FA7E /* Products */,
				FE6D2C6127FF551F0056FA7E /* Frameworks */,
			);
			sourceTree = "<group>";
		};
		FE6D2C4C27FF54670056FA7E /* Products */ = {
			isa = PBXGroup;
			children = (
				FE6D2C4B27FF54670056FA7E /* MissingArt.app */,
			);
			name = Products;
			sourceTree = "<group>";
		};
		FE6D2C4D27FF54670056FA7E /* MissingArt */ = {
			isa = PBXGroup;
			children = (
				FE6D2C4E27FF54670056FA7E /* MissingArtApp.swift */,
				FE57696E294509200041E18D /* MissingArtwork+AppleScript.swift */,
				FE57697529494EA40041E18D /* AppleScript.swift */,
				FE8BA47D297DA92F00FD0823 /* LoadingState+AppleScript.swift */,
				FE21F511299754D100605465 /* FixArtError.swift */,
				FE21F51329998CC800605465 /* NSPasteboard+Convenience.swift */,
				FE6D2C5227FF54680056FA7E /* Assets.xcassets */,
				FE6D2C5727FF54680056FA7E /* MissingArt.entitlements */,
				FE21F50A298DD81800605465 /* Localizable.strings */,
				FE6D2C5427FF54680056FA7E /* Preview Content */,
			);
			path = MissingArt;
			sourceTree = "<group>";
		};
		FE6D2C5427FF54680056FA7E /* Preview Content */ = {
			isa = PBXGroup;
			children = (
				FE6D2C5527FF54680056FA7E /* Preview Assets.xcassets */,
			);
			path = "Preview Content";
			sourceTree = "<group>";
		};
		FE6D2C6127FF551F0056FA7E /* Frameworks */ = {
			isa = PBXGroup;
			children = (
			);
			name = Frameworks;
			sourceTree = "<group>";
		};
/* End PBXGroup section */

/* Begin PBXNativeTarget section */
		FE6D2C4A27FF54670056FA7E /* MissingArt */ = {
			isa = PBXNativeTarget;
			buildConfigurationList = FE6D2C5A27FF54680056FA7E /* Build configuration list for PBXNativeTarget "MissingArt" */;
			buildPhases = (
				FE6D2C4727FF54670056FA7E /* Sources */,
				FE6D2C4827FF54670056FA7E /* Frameworks */,
				FE6D2C4927FF54670056FA7E /* Resources */,
			);
			buildRules = (
			);
			dependencies = (
			);
			name = MissingArt;
			packageProductDependencies = (
				FE95DA47281216E1009B0209 /* MissingArtwork */,
			);
			productName = MissingArt;
			productReference = FE6D2C4B27FF54670056FA7E /* MissingArt.app */;
			productType = "com.apple.product-type.application";
		};
/* End PBXNativeTarget section */

/* Begin PBXProject section */
		FE6D2C4327FF54670056FA7E /* Project object */ = {
			isa = PBXProject;
			attributes = {
				BuildIndependentTargetsInParallel = 1;
				LastSwiftUpdateCheck = 1330;
				LastUpgradeCheck = 1340;
				TargetAttributes = {
					FE6D2C4A27FF54670056FA7E = {
						CreatedOnToolsVersion = 13.3;
					};
				};
			};
			buildConfigurationList = FE6D2C4627FF54670056FA7E /* Build configuration list for PBXProject "MissingArt" */;
			compatibilityVersion = "Xcode 13.0";
			developmentRegion = en;
			hasScannedForEncodings = 0;
			knownRegions = (
				en,
				Base,
			);
			mainGroup = FE6D2C4227FF54670056FA7E;
			packageReferences = (
				FE95DA46281216E1009B0209 /* XCRemoteSwiftPackageReference "itunes_missing_artwork" */,
			);
			productRefGroup = FE6D2C4C27FF54670056FA7E /* Products */;
			projectDirPath = "";
			projectRoot = "";
			targets = (
				FE6D2C4A27FF54670056FA7E /* MissingArt */,
			);
		};
/* End PBXProject section */

/* Begin PBXResourcesBuildPhase section */
		FE6D2C4927FF54670056FA7E /* Resources */ = {
			isa = PBXResourcesBuildPhase;
			buildActionMask = 2147483647;
			files = (
				FE6D2C5627FF54680056FA7E /* Preview Assets.xcassets in Resources */,
				FE21F50C298DD81800605465 /* Localizable.strings in Resources */,
				FE6D2C5327FF54680056FA7E /* Assets.xcassets in Resources */,
			);
			runOnlyForDeploymentPostprocessing = 0;
		};
/* End PBXResourcesBuildPhase section */

/* Begin PBXSourcesBuildPhase section */
		FE6D2C4727FF54670056FA7E /* Sources */ = {
			isa = PBXSourcesBuildPhase;
			buildActionMask = 2147483647;
			files = (
				FE21F51429998CC800605465 /* NSPasteboard+Convenience.swift in Sources */,
				FE57696F294509200041E18D /* MissingArtwork+AppleScript.swift in Sources */,
				FE6D2C4F27FF54670056FA7E /* MissingArtApp.swift in Sources */,
				FE8BA47E297DA92F00FD0823 /* LoadingState+AppleScript.swift in Sources */,
				FE57697629494EA40041E18D /* AppleScript.swift in Sources */,
				FE21F512299754D100605465 /* FixArtError.swift in Sources */,
			);
			runOnlyForDeploymentPostprocessing = 0;
		};
/* End PBXSourcesBuildPhase section */

/* Begin PBXVariantGroup section */
		FE21F50A298DD81800605465 /* Localizable.strings */ = {
			isa = PBXVariantGroup;
			children = (
				FE21F50B298DD81800605465 /* en */,
			);
			name = Localizable.strings;
			sourceTree = "<group>";
		};
/* End PBXVariantGroup section */

/* Begin XCBuildConfiguration section */
		FE6D2C5827FF54680056FA7E /* Debug */ = {
			isa = XCBuildConfiguration;
			buildSettings = {
				ALWAYS_SEARCH_USER_PATHS = NO;
				CLANG_ANALYZER_NONNULL = YES;
				CLANG_ANALYZER_NUMBER_OBJECT_CONVERSION = YES_AGGRESSIVE;
				CLANG_CXX_LANGUAGE_STANDARD = "gnu++17";
				CLANG_ENABLE_MODULES = YES;
				CLANG_ENABLE_OBJC_ARC = YES;
				CLANG_ENABLE_OBJC_WEAK = YES;
				CLANG_WARN_BLOCK_CAPTURE_AUTORELEASING = YES;
				CLANG_WARN_BOOL_CONVERSION = YES;
				CLANG_WARN_COMMA = YES;
				CLANG_WARN_CONSTANT_CONVERSION = YES;
				CLANG_WARN_DEPRECATED_OBJC_IMPLEMENTATIONS = YES;
				CLANG_WARN_DIRECT_OBJC_ISA_USAGE = YES_ERROR;
				CLANG_WARN_DOCUMENTATION_COMMENTS = YES;
				CLANG_WARN_EMPTY_BODY = YES;
				CLANG_WARN_ENUM_CONVERSION = YES;
				CLANG_WARN_INFINITE_RECURSION = YES;
				CLANG_WARN_INT_CONVERSION = YES;
				CLANG_WARN_NON_LITERAL_NULL_CONVERSION = YES;
				CLANG_WARN_OBJC_IMPLICIT_RETAIN_SELF = YES;
				CLANG_WARN_OBJC_LITERAL_CONVERSION = YES;
				CLANG_WARN_OBJC_ROOT_CLASS = YES_ERROR;
				CLANG_WARN_QUOTED_INCLUDE_IN_FRAMEWORK_HEADER = YES;
				CLANG_WARN_RANGE_LOOP_ANALYSIS = YES;
				CLANG_WARN_STRICT_PROTOTYPES = YES;
				CLANG_WARN_SUSPICIOUS_MOVE = YES;
				CLANG_WARN_UNGUARDED_AVAILABILITY = YES_AGGRESSIVE;
				CLANG_WARN_UNREACHABLE_CODE = YES;
				CLANG_WARN__DUPLICATE_METHOD_MATCH = YES;
				COPY_PHASE_STRIP = NO;
				DEAD_CODE_STRIPPING = YES;
				DEBUG_INFORMATION_FORMAT = dwarf;
				ENABLE_STRICT_OBJC_MSGSEND = YES;
				ENABLE_TESTABILITY = YES;
				GCC_C_LANGUAGE_STANDARD = gnu11;
				GCC_DYNAMIC_NO_PIC = NO;
				GCC_NO_COMMON_BLOCKS = YES;
				GCC_OPTIMIZATION_LEVEL = 0;
				GCC_PREPROCESSOR_DEFINITIONS = (
					"DEBUG=1",
					"$(inherited)",
				);
				GCC_WARN_64_TO_32_BIT_CONVERSION = YES;
				GCC_WARN_ABOUT_RETURN_TYPE = YES_ERROR;
				GCC_WARN_UNDECLARED_SELECTOR = YES;
				GCC_WARN_UNINITIALIZED_AUTOS = YES_AGGRESSIVE;
				GCC_WARN_UNUSED_FUNCTION = YES;
				GCC_WARN_UNUSED_VARIABLE = YES;
				MACOSX_DEPLOYMENT_TARGET = 13.0;
				MTL_ENABLE_DEBUG_INFO = INCLUDE_SOURCE;
				MTL_FAST_MATH = YES;
				ONLY_ACTIVE_ARCH = YES;
				SDKROOT = macosx;
				SWIFT_ACTIVE_COMPILATION_CONDITIONS = DEBUG;
				SWIFT_OPTIMIZATION_LEVEL = "-Onone";
			};
			name = Debug;
		};
		FE6D2C5927FF54680056FA7E /* Release */ = {
			isa = XCBuildConfiguration;
			buildSettings = {
				ALWAYS_SEARCH_USER_PATHS = NO;
				CLANG_ANALYZER_NONNULL = YES;
				CLANG_ANALYZER_NUMBER_OBJECT_CONVERSION = YES_AGGRESSIVE;
				CLANG_CXX_LANGUAGE_STANDARD = "gnu++17";
				CLANG_ENABLE_MODULES = YES;
				CLANG_ENABLE_OBJC_ARC = YES;
				CLANG_ENABLE_OBJC_WEAK = YES;
				CLANG_WARN_BLOCK_CAPTURE_AUTORELEASING = YES;
				CLANG_WARN_BOOL_CONVERSION = YES;
				CLANG_WARN_COMMA = YES;
				CLANG_WARN_CONSTANT_CONVERSION = YES;
				CLANG_WARN_DEPRECATED_OBJC_IMPLEMENTATIONS = YES;
				CLANG_WARN_DIRECT_OBJC_ISA_USAGE = YES_ERROR;
				CLANG_WARN_DOCUMENTATION_COMMENTS = YES;
				CLANG_WARN_EMPTY_BODY = YES;
				CLANG_WARN_ENUM_CONVERSION = YES;
				CLANG_WARN_INFINITE_RECURSION = YES;
				CLANG_WARN_INT_CONVERSION = YES;
				CLANG_WARN_NON_LITERAL_NULL_CONVERSION = YES;
				CLANG_WARN_OBJC_IMPLICIT_RETAIN_SELF = YES;
				CLANG_WARN_OBJC_LITERAL_CONVERSION = YES;
				CLANG_WARN_OBJC_ROOT_CLASS = YES_ERROR;
				CLANG_WARN_QUOTED_INCLUDE_IN_FRAMEWORK_HEADER = YES;
				CLANG_WARN_RANGE_LOOP_ANALYSIS = YES;
				CLANG_WARN_STRICT_PROTOTYPES = YES;
				CLANG_WARN_SUSPICIOUS_MOVE = YES;
				CLANG_WARN_UNGUARDED_AVAILABILITY = YES_AGGRESSIVE;
				CLANG_WARN_UNREACHABLE_CODE = YES;
				CLANG_WARN__DUPLICATE_METHOD_MATCH = YES;
				COPY_PHASE_STRIP = NO;
				DEAD_CODE_STRIPPING = YES;
				DEBUG_INFORMATION_FORMAT = "dwarf-with-dsym";
				ENABLE_NS_ASSERTIONS = NO;
				ENABLE_STRICT_OBJC_MSGSEND = YES;
				GCC_C_LANGUAGE_STANDARD = gnu11;
				GCC_NO_COMMON_BLOCKS = YES;
				GCC_WARN_64_TO_32_BIT_CONVERSION = YES;
				GCC_WARN_ABOUT_RETURN_TYPE = YES_ERROR;
				GCC_WARN_UNDECLARED_SELECTOR = YES;
				GCC_WARN_UNINITIALIZED_AUTOS = YES_AGGRESSIVE;
				GCC_WARN_UNUSED_FUNCTION = YES;
				GCC_WARN_UNUSED_VARIABLE = YES;
				MACOSX_DEPLOYMENT_TARGET = 13.0;
				MTL_ENABLE_DEBUG_INFO = NO;
				MTL_FAST_MATH = YES;
				SDKROOT = macosx;
				SWIFT_COMPILATION_MODE = wholemodule;
				SWIFT_OPTIMIZATION_LEVEL = "-O";
			};
			name = Release;
		};
		FE6D2C5B27FF54680056FA7E /* Debug */ = {
			isa = XCBuildConfiguration;
			buildSettings = {
				ASSETCATALOG_COMPILER_APPICON_NAME = AppIcon;
				ASSETCATALOG_COMPILER_GLOBAL_ACCENT_COLOR_NAME = AccentColor;
				CODE_SIGN_ENTITLEMENTS = MissingArt/MissingArt.entitlements;
				CODE_SIGN_IDENTITY = "-";
				CODE_SIGN_STYLE = Automatic;
				COMBINE_HIDPI_IMAGES = YES;
				CURRENT_PROJECT_VERSION = 1;
				DEVELOPMENT_ASSET_PATHS = "\"MissingArt/Preview Content\"";
				ENABLE_HARDENED_RUNTIME = YES;
				ENABLE_PREVIEWS = YES;
				GENERATE_INFOPLIST_FILE = YES;
				INFOPLIST_KEY_CFBundleDisplayName = "Missing Artwork";
				INFOPLIST_KEY_LSApplicationCategoryType = "public.app-category.music";
				INFOPLIST_KEY_NSAppleEventsUsageDescription = "Missing Artwork uses AppleEvents to fix artwork images.";
				INFOPLIST_KEY_NSAppleMusicUsageDescription = "Missing Artwork uses Apple Music to find artwork images.";
				INFOPLIST_KEY_NSHumanReadableCopyright = "Copyright © 2023 Gregory Bolsinga. All Rights Reserved.";
				LD_RUNPATH_SEARCH_PATHS = (
					"$(inherited)",
					"@executable_path/../Frameworks",
				);
				MARKETING_VERSION = 1.0;
				PRODUCT_BUNDLE_IDENTIFIER = gdb.MissingArt;
				PRODUCT_NAME = "$(TARGET_NAME)";
				SWIFT_EMIT_LOC_STRINGS = YES;
				SWIFT_VERSION = 5.0;
			};
			name = Debug;
		};
		FE6D2C5C27FF54680056FA7E /* Release */ = {
			isa = XCBuildConfiguration;
			buildSettings = {
				ASSETCATALOG_COMPILER_APPICON_NAME = AppIcon;
				ASSETCATALOG_COMPILER_GLOBAL_ACCENT_COLOR_NAME = AccentColor;
				CODE_SIGN_ENTITLEMENTS = MissingArt/MissingArt.entitlements;
				CODE_SIGN_IDENTITY = "-";
				CODE_SIGN_STYLE = Automatic;
				COMBINE_HIDPI_IMAGES = YES;
				CURRENT_PROJECT_VERSION = 1;
				DEVELOPMENT_ASSET_PATHS = "\"MissingArt/Preview Content\"";
				ENABLE_HARDENED_RUNTIME = YES;
				ENABLE_PREVIEWS = YES;
				GENERATE_INFOPLIST_FILE = YES;
				INFOPLIST_KEY_CFBundleDisplayName = "Missing Artwork";
				INFOPLIST_KEY_LSApplicationCategoryType = "public.app-category.music";
				INFOPLIST_KEY_NSAppleEventsUsageDescription = "Missing Artwork uses AppleEvents to fix artwork images.";
				INFOPLIST_KEY_NSAppleMusicUsageDescription = "Missing Artwork uses Apple Music to find artwork images.";
				INFOPLIST_KEY_NSHumanReadableCopyright = "Copyright © 2023 Gregory Bolsinga. All Rights Reserved.";
				LD_RUNPATH_SEARCH_PATHS = (
					"$(inherited)",
					"@executable_path/../Frameworks",
				);
				MARKETING_VERSION = 1.0;
				PRODUCT_BUNDLE_IDENTIFIER = gdb.MissingArt;
				PRODUCT_NAME = "$(TARGET_NAME)";
				SWIFT_EMIT_LOC_STRINGS = YES;
				SWIFT_VERSION = 5.0;
			};
			name = Release;
		};
/* End XCBuildConfiguration section */

/* Begin XCConfigurationList section */
		FE6D2C4627FF54670056FA7E /* Build configuration list for PBXProject "MissingArt" */ = {
			isa = XCConfigurationList;
			buildConfigurations = (
				FE6D2C5827FF54680056FA7E /* Debug */,
				FE6D2C5927FF54680056FA7E /* Release */,
			);
			defaultConfigurationIsVisible = 0;
			defaultConfigurationName = Release;
		};
		FE6D2C5A27FF54680056FA7E /* Build configuration list for PBXNativeTarget "MissingArt" */ = {
			isa = XCConfigurationList;
			buildConfigurations = (
				FE6D2C5B27FF54680056FA7E /* Debug */,
				FE6D2C5C27FF54680056FA7E /* Release */,
			);
			defaultConfigurationIsVisible = 0;
			defaultConfigurationName = Release;
		};
/* End XCConfigurationList section */

/* Begin XCRemoteSwiftPackageReference section */
		FE95DA46281216E1009B0209 /* XCRemoteSwiftPackageReference "itunes_missing_artwork" */ = {
			isa = XCRemoteSwiftPackageReference;
			repositoryURL = "https://github.com/bolsinga/itunes_missing_artwork";
			requirement = {
				branch = main;
				kind = branch;
			};
		};
/* End XCRemoteSwiftPackageReference section */

/* Begin XCSwiftPackageProductDependency section */
		FE95DA47281216E1009B0209 /* MissingArtwork */ = {
			isa = XCSwiftPackageProductDependency;
			package = FE95DA46281216E1009B0209 /* XCRemoteSwiftPackageReference "itunes_missing_artwork" */;
			productName = MissingArtwork;
		};
/* End XCSwiftPackageProductDependency section */
	};
	rootObject = FE6D2C4327FF54670056FA7E /* Project object */;
}
